
Microsoft Visual Studio Solution File, Format Version 12.00
# Visual Studio Version 16
VisualStudioVersion = 16.0.32228.343
MinimumVisualStudioVersion = 10.0.40219.1
Project("{FAE04EC0-301F-11D3-BF4B-00C04F79EFBC}") = "FirstResponsiveWebAppSanders", "FirstResponsiveWebAppSanders.csproj", "{8F9249A9-884F-487A-898B-38604B0BD079}"
EndProject
Global
	GlobalSection(SolutionConfigurationPlatforms) = preSolution
		Debug|Any CPU = Debug|Any CPU
		Release|Any CPU = Release|Any CPU
	EndGlobalSection
	GlobalSection(ProjectConfigurationPlatforms) = postSolution
		{8F9249A9-884F-487A-898B-38604B0BD079}.Debug|Any CPU.ActiveCfg = Debug|Any CPU
		{8F9249A9-884F-487A-898B-38604B0BD079}.Debug|Any CPU.Build.0 = Debug|Any CPU
		{8F9249A9-884F-487A-898B-38604B0BD079}.Release|Any CPU.ActiveCfg = Release|Any CPU
		{8F9249A9-884F-487A-898B-38604B0BD079}.Release|Any CPU.Build.0 = Release|Any CPU
	EndGlobalSection
	GlobalSection(SolutionProperties) = preSolution
		HideSolutionNode = FALSE
	EndGlobalSection
	GlobalSection(ExtensibilityGlobals) = postSolution
		SolutionGuid = {F07E45C7-1BA6-41ED-B296-B62AF8D79949}
	EndGlobalSection
EndGlobal
